
Microsoft Visual Studio Solution File, Format Version 12.00
# Visual Studio 15
VisualStudioVersion = 15.0.27130.2020
MinimumVisualStudioVersion = 10.0.40219.1
Project("{FAE04EC0-301F-11D3-BF4B-00C04F79EFBC}") = "MessageLibrary", "MessageLibrary\MessageLibrary.csproj", "{51088D16-6368-48D3-8420-D850914C4B92}"
EndProject
Global
	GlobalSection(SolutionConfigurationPlatforms) = preSolution
		Debug|Any CPU = Debug|Any CPU
		Release|Any CPU = Release|Any CPU
	EndGlobalSection
	GlobalSection(ProjectConfigurationPlatforms) = postSolution
		{51088D16-6368-48D3-8420-D850914C4B92}.Debug|Any CPU.ActiveCfg = Debug|Any CPU
		{51088D16-6368-48D3-8420-D850914C4B92}.Debug|Any CPU.Build.0 = Debug|Any CPU
		{51088D16-6368-48D3-8420-D850914C4B92}.Release|Any CPU.ActiveCfg = Release|Any CPU
		{51088D16-6368-48D3-8420-D850914C4B92}.Release|Any CPU.Build.0 = Release|Any CPU
	EndGlobalSection
	GlobalSection(SolutionProperties) = preSolution
		HideSolutionNode = FALSE
	EndGlobalSection
	GlobalSection(ExtensibilityGlobals) = postSolution
		SolutionGuid = {42C9265F-0180-4D79-8D2E-0E7E502FB93A}
	EndGlobalSection
EndGlobal
